
Microsoft Visual Studio Solution File, Format Version 12.00
# Visual Studio Version 16
VisualStudioVersion = 16.0.30204.135
MinimumVisualStudioVersion = 10.0.40219.1
Project("{9A19103F-16F7-4668-BE54-9A1E7A4F7556}") = "Blazor_specification", "Blazor_specification\Blazor_specification.csproj", "{1A4D245D-AF92-4D28-A0DE-A882DDE7B2DC}"
EndProject
Project("{9A19103F-16F7-4668-BE54-9A1E7A4F7556}") = "XML testing", "XML testing\XML testing.csproj", "{EA772D7C-616B-444A-A009-EC5BC80FF893}"
EndProject
Global
	GlobalSection(SolutionConfigurationPlatforms) = preSolution
		Debug|Any CPU = Debug|Any CPU
		Release|Any CPU = Release|Any CPU
	EndGlobalSection
	GlobalSection(ProjectConfigurationPlatforms) = postSolution
		{1A4D245D-AF92-4D28-A0DE-A882DDE7B2DC}.Debug|Any CPU.ActiveCfg = Debug|Any CPU
		{1A4D245D-AF92-4D28-A0DE-A882DDE7B2DC}.Debug|Any CPU.Build.0 = Debug|Any CPU
		{1A4D245D-AF92-4D28-A0DE-A882DDE7B2DC}.Release|Any CPU.ActiveCfg = Release|Any CPU
		{1A4D245D-AF92-4D28-A0DE-A882DDE7B2DC}.Release|Any CPU.Build.0 = Release|Any CPU
		{EA772D7C-616B-444A-A009-EC5BC80FF893}.Debug|Any CPU.ActiveCfg = Debug|Any CPU
		{EA772D7C-616B-444A-A009-EC5BC80FF893}.Debug|Any CPU.Build.0 = Debug|Any CPU
		{EA772D7C-616B-444A-A009-EC5BC80FF893}.Release|Any CPU.ActiveCfg = Release|Any CPU
		{EA772D7C-616B-444A-A009-EC5BC80FF893}.Release|Any CPU.Build.0 = Release|Any CPU
	EndGlobalSection
	GlobalSection(SolutionProperties) = preSolution
		HideSolutionNode = FALSE
	EndGlobalSection
	GlobalSection(ExtensibilityGlobals) = postSolution
		SolutionGuid = {1E562F35-9171-492F-AF61-3678C5ABE567}
	EndGlobalSection
EndGlobal
